
Microsoft Visual Studio Solution File, Format Version 12.00
# Visual Studio Version 17
VisualStudioVersion = 17.12.35707.178 d17.12
MinimumVisualStudioVersion = 10.0.40219.1
Project("{FAE04EC0-301F-11D3-BF4B-00C04F79EFBC}") = "PNMO20250324S14.AppWebMVC", "PNMO20250324S14.AppWebMVC\PNMO20250324S14.AppWebMVC.csproj", "{DBD1D994-2673-4E78-A8E5-76038F65C1CC}"
EndProject
Global
	GlobalSection(SolutionConfigurationPlatforms) = preSolution
		Debug|Any CPU = Debug|Any CPU
		Release|Any CPU = Release|Any CPU
	EndGlobalSection
	GlobalSection(ProjectConfigurationPlatforms) = postSolution
		{DBD1D994-2673-4E78-A8E5-76038F65C1CC}.Debug|Any CPU.ActiveCfg = Debug|Any CPU
		{DBD1D994-2673-4E78-A8E5-76038F65C1CC}.Debug|Any CPU.Build.0 = Debug|Any CPU
		{DBD1D994-2673-4E78-A8E5-76038F65C1CC}.Release|Any CPU.ActiveCfg = Release|Any CPU
		{DBD1D994-2673-4E78-A8E5-76038F65C1CC}.Release|Any CPU.Build.0 = Release|Any CPU
	EndGlobalSection
	GlobalSection(SolutionProperties) = preSolution
		HideSolutionNode = FALSE
	EndGlobalSection
EndGlobal
